{
  "requires": true,
  "lockfileVersion": 1,
  "dependencies": {
    "satellite.js": {
      "version": "2.0.3",
      "resolved": "https://registry.npmjs.org/satellite.js/-/satellite.js-2.0.3.tgz",
      "integrity": "sha512-TYPpZFDsfposgMRSCGkj4f06ETCPdzBUOkMFSCZ4/6x1YMUY7c/P+pWlMz3U3HwCf+FpEEKBfGoYB+lKt+9GPg=="
    }
  }
}
